// !$*UTF8*$!
{
	archiveVersion = 1;
	classes = {
	};
	objectVersion = 50;
	objects = {

/* Begin PBXBuildFile section */
		D16B431A21F581F400A4A702 /* AppDelegate.swift in Sources */ = {isa = PBXBuildFile; fileRef = D16B431921F581F400A4A702 /* AppDelegate.swift */; };
		D16B432121F581F500A4A702 /* Assets.xcassets in Resources */ = {isa = PBXBuildFile; fileRef = D16B432021F581F500A4A702 /* Assets.xcassets */; };
		D16B432421F581F500A4A702 /* LaunchScreen.storyboard in Resources */ = {isa = PBXBuildFile; fileRef = D16B432221F581F500A4A702 /* LaunchScreen.storyboard */; };
		D16B432F21F581F500A4A702 /* TinderTests.swift in Sources */ = {isa = PBXBuildFile; fileRef = D16B432E21F581F500A4A702 /* TinderTests.swift */; };
		D16B433A21F581F500A4A702 /* TinderUITests.swift in Sources */ = {isa = PBXBuildFile; fileRef = D16B433921F581F500A4A702 /* TinderUITests.swift */; };
		D16B434821F584BB00A4A702 /* HomeViewController.swift in Sources */ = {isa = PBXBuildFile; fileRef = D16B434721F584BB00A4A702 /* HomeViewController.swift */; };
		D16B434A21F58FB200A4A702 /* UIView_Extension.swift in Sources */ = {isa = PBXBuildFile; fileRef = D16B434921F58FB200A4A702 /* UIView_Extension.swift */; };
		D16B435121F59E6700A4A702 /* TopNavigationStackView.swift in Sources */ = {isa = PBXBuildFile; fileRef = D16B435021F59E6700A4A702 /* TopNavigationStackView.swift */; };
		D16B435421F59EA400A4A702 /* HomeButtonStackView.swift in Sources */ = {isa = PBXBuildFile; fileRef = D16B435321F59EA400A4A702 /* HomeButtonStackView.swift */; };
		D16B435A21F6CA4A00A4A702 /* CardView.swift in Sources */ = {isa = PBXBuildFile; fileRef = D16B435921F6CA4A00A4A702 /* CardView.swift */; };
		D16B436021F81BA500A4A702 /* User.swift in Sources */ = {isa = PBXBuildFile; fileRef = D16B435F21F81BA500A4A702 /* User.swift */; };
/* End PBXBuildFile section */

/* Begin PBXContainerItemProxy section */
		D16B432B21F581F500A4A702 /* PBXContainerItemProxy */ = {
			isa = PBXContainerItemProxy;
			containerPortal = D16B430E21F581F300A4A702 /* Project object */;
			proxyType = 1;
			remoteGlobalIDString = D16B431521F581F400A4A702;
			remoteInfo = Tinder;
		};
		D16B433621F581F500A4A702 /* PBXContainerItemProxy */ = {
			isa = PBXContainerItemProxy;
			containerPortal = D16B430E21F581F300A4A702 /* Project object */;
			proxyType = 1;
			remoteGlobalIDString = D16B431521F581F400A4A702;
			remoteInfo = Tinder;
		};
/* End PBXContainerItemProxy section */

/* Begin PBXFileReference section */
		D16B431621F581F400A4A702 /* Tinder.app */ = {isa = PBXFileReference; explicitFileType = wrapper.application; includeInIndex = 0; path = Tinder.app; sourceTree = BUILT_PRODUCTS_DIR; };
		D16B431921F581F400A4A702 /* AppDelegate.swift */ = {isa = PBXFileReference; lastKnownFileType = sourcecode.swift; path = AppDelegate.swift; sourceTree = "<group>"; };
		D16B432021F581F500A4A702 /* Assets.xcassets */ = {isa = PBXFileReference; lastKnownFileType = folder.assetcatalog; path = Assets.xcassets; sourceTree = "<group>"; };
		D16B432321F581F500A4A702 /* Base */ = {isa = PBXFileReference; lastKnownFileType = file.storyboard; name = Base; path = Base.lproj/LaunchScreen.storyboard; sourceTree = "<group>"; };
		D16B432521F581F500A4A702 /* Info.plist */ = {isa = PBXFileReference; lastKnownFileType = text.plist.xml; path = Info.plist; sourceTree = "<group>"; };
		D16B432A21F581F500A4A702 /* TinderTests.xctest */ = {isa = PBXFileReference; explicitFileType = wrapper.cfbundle; includeInIndex = 0; path = TinderTests.xctest; sourceTree = BUILT_PRODUCTS_DIR; };
		D16B432E21F581F500A4A702 /* TinderTests.swift */ = {isa = PBXFileReference; lastKnownFileType = sourcecode.swift; path = TinderTests.swift; sourceTree = "<group>"; };
		D16B433021F581F500A4A702 /* Info.plist */ = {isa = PBXFileReference; lastKnownFileType = text.plist.xml; path = Info.plist; sourceTree = "<group>"; };
		D16B433521F581F500A4A702 /* TinderUITests.xctest */ = {isa = PBXFileReference; explicitFileType = wrapper.cfbundle; includeInIndex = 0; path = TinderUITests.xctest; sourceTree = BUILT_PRODUCTS_DIR; };
		D16B433921F581F500A4A702 /* TinderUITests.swift */ = {isa = PBXFileReference; lastKnownFileType = sourcecode.swift; path = TinderUITests.swift; sourceTree = "<group>"; };
		D16B433B21F581F500A4A702 /* Info.plist */ = {isa = PBXFileReference; lastKnownFileType = text.plist.xml; path = Info.plist; sourceTree = "<group>"; };
		D16B434721F584BB00A4A702 /* HomeViewController.swift */ = {isa = PBXFileReference; lastKnownFileType = sourcecode.swift; path = HomeViewController.swift; sourceTree = "<group>"; };
		D16B434921F58FB200A4A702 /* UIView_Extension.swift */ = {isa = PBXFileReference; lastKnownFileType = sourcecode.swift; path = UIView_Extension.swift; sourceTree = "<group>"; };
		D16B435021F59E6700A4A702 /* TopNavigationStackView.swift */ = {isa = PBXFileReference; lastKnownFileType = sourcecode.swift; path = TopNavigationStackView.swift; sourceTree = "<group>"; };
		D16B435321F59EA400A4A702 /* HomeButtonStackView.swift */ = {isa = PBXFileReference; lastKnownFileType = sourcecode.swift; path = HomeButtonStackView.swift; sourceTree = "<group>"; };
		D16B435921F6CA4A00A4A702 /* CardView.swift */ = {isa = PBXFileReference; lastKnownFileType = sourcecode.swift; path = CardView.swift; sourceTree = "<group>"; };
		D16B435F21F81BA500A4A702 /* User.swift */ = {isa = PBXFileReference; lastKnownFileType = sourcecode.swift; path = User.swift; sourceTree = "<group>"; };
/* End PBXFileReference section */

/* Begin PBXFrameworksBuildPhase section */
		D16B431321F581F400A4A702 /* Frameworks */ = {
			isa = PBXFrameworksBuildPhase;
			buildActionMask = 2147483647;
			files = (
			);
			runOnlyForDeploymentPostprocessing = 0;
		};
		D16B432721F581F500A4A702 /* Frameworks */ = {
			isa = PBXFrameworksBuildPhase;
			buildActionMask = 2147483647;
			files = (
			);
			runOnlyForDeploymentPostprocessing = 0;
		};
		D16B433221F581F500A4A702 /* Frameworks */ = {
			isa = PBXFrameworksBuildPhase;
			buildActionMask = 2147483647;
			files = (
			);
			runOnlyForDeploymentPostprocessing = 0;
		};
/* End PBXFrameworksBuildPhase section */

/* Begin PBXGroup section */
		D16B430D21F581F300A4A702 = {
			isa = PBXGroup;
			children = (
				D16B431821F581F400A4A702 /* Tinder */,
				D16B432D21F581F500A4A702 /* TinderTests */,
				D16B433821F581F500A4A702 /* TinderUITests */,
				D16B431721F581F400A4A702 /* Products */,
			);
			sourceTree = "<group>";
		};
		D16B431721F581F400A4A702 /* Products */ = {
			isa = PBXGroup;
			children = (
				D16B431621F581F400A4A702 /* Tinder.app */,
				D16B432A21F581F500A4A702 /* TinderTests.xctest */,
				D16B433521F581F500A4A702 /* TinderUITests.xctest */,
			);
			name = Products;
			sourceTree = "<group>";
		};
		D16B431821F581F400A4A702 /* Tinder */ = {
			isa = PBXGroup;
			children = (
				D16B435E21F81B9700A4A702 /* Model */,
				D16B435221F59E7600A4A702 /* Views */,
				D16B431921F581F400A4A702 /* AppDelegate.swift */,
				D16B434721F584BB00A4A702 /* HomeViewController.swift */,
				D16B434921F58FB200A4A702 /* UIView_Extension.swift */,
				D16B432021F581F500A4A702 /* Assets.xcassets */,
				D16B432221F581F500A4A702 /* LaunchScreen.storyboard */,
				D16B432521F581F500A4A702 /* Info.plist */,
			);
			path = Tinder;
			sourceTree = "<group>";
		};
		D16B432D21F581F500A4A702 /* TinderTests */ = {
			isa = PBXGroup;
			children = (
				D16B432E21F581F500A4A702 /* TinderTests.swift */,
				D16B433021F581F500A4A702 /* Info.plist */,
			);
			path = TinderTests;
			sourceTree = "<group>";
		};
		D16B433821F581F500A4A702 /* TinderUITests */ = {
			isa = PBXGroup;
			children = (
				D16B433921F581F500A4A702 /* TinderUITests.swift */,
				D16B433B21F581F500A4A702 /* Info.plist */,
			);
			path = TinderUITests;
			sourceTree = "<group>";
		};
		D16B435221F59E7600A4A702 /* Views */ = {
			isa = PBXGroup;
			children = (
				D16B435021F59E6700A4A702 /* TopNavigationStackView.swift */,
				D16B435321F59EA400A4A702 /* HomeButtonStackView.swift */,
				D16B435921F6CA4A00A4A702 /* CardView.swift */,
			);
			path = Views;
			sourceTree = "<group>";
		};
		D16B435E21F81B9700A4A702 /* Model */ = {
			isa = PBXGroup;
			children = (
				D16B435F21F81BA500A4A702 /* User.swift */,
			);
			path = Model;
			sourceTree = "<group>";
		};
/* End PBXGroup section */

/* Begin PBXNativeTarget section */
		D16B431521F581F400A4A702 /* Tinder */ = {
			isa = PBXNativeTarget;
			buildConfigurationList = D16B433E21F581F500A4A702 /* Build configuration list for PBXNativeTarget "Tinder" */;
			buildPhases = (
				D16B431221F581F400A4A702 /* Sources */,
				D16B431321F581F400A4A702 /* Frameworks */,
				D16B431421F581F400A4A702 /* Resources */,
			);
			buildRules = (
			);
			dependencies = (
			);
			name = Tinder;
			productName = Tinder;
			productReference = D16B431621F581F400A4A702 /* Tinder.app */;
			productType = "com.apple.product-type.application";
		};
		D16B432921F581F500A4A702 /* TinderTests */ = {
			isa = PBXNativeTarget;
			buildConfigurationList = D16B434121F581F500A4A702 /* Build configuration list for PBXNativeTarget "TinderTests" */;
			buildPhases = (
				D16B432621F581F500A4A702 /* Sources */,
				D16B432721F581F500A4A702 /* Frameworks */,
				D16B432821F581F500A4A702 /* Resources */,
			);
			buildRules = (
			);
			dependencies = (
				D16B432C21F581F500A4A702 /* PBXTargetDependency */,
			);
			name = TinderTests;
			productName = TinderTests;
			productReference = D16B432A21F581F500A4A702 /* TinderTests.xctest */;
			productType = "com.apple.product-type.bundle.unit-test";
		};
		D16B433421F581F500A4A702 /* TinderUITests */ = {
			isa = PBXNativeTarget;
			buildConfigurationList = D16B434421F581F500A4A702 /* Build configuration list for PBXNativeTarget "TinderUITests" */;
			buildPhases = (
				D16B433121F581F500A4A702 /* Sources */,
				D16B433221F581F500A4A702 /* Frameworks */,
				D16B433321F581F500A4A702 /* Resources */,
			);
			buildRules = (
			);
			dependencies = (
				D16B433721F581F500A4A702 /* PBXTargetDependency */,
			);
			name = TinderUITests;
			productName = TinderUITests;
			productReference = D16B433521F581F500A4A702 /* TinderUITests.xctest */;
			productType = "com.apple.product-type.bundle.ui-testing";
		};
/* End PBXNativeTarget section */

/* Begin PBXProject section */
		D16B430E21F581F300A4A702 /* Project object */ = {
			isa = PBXProject;
			attributes = {
				LastSwiftUpdateCheck = 1010;
				LastUpgradeCheck = 1010;
				ORGANIZATIONNAME = "Chung Han Hsin";
				TargetAttributes = {
					D16B431521F581F400A4A702 = {
						CreatedOnToolsVersion = 10.1;
					};
					D16B432921F581F500A4A702 = {
						CreatedOnToolsVersion = 10.1;
						TestTargetID = D16B431521F581F400A4A702;
					};
					D16B433421F581F500A4A702 = {
						CreatedOnToolsVersion = 10.1;
						TestTargetID = D16B431521F581F400A4A702;
					};
				};
			};
			buildConfigurationList = D16B431121F581F300A4A702 /* Build configuration list for PBXProject "Tinder" */;
			compatibilityVersion = "Xcode 9.3";
			developmentRegion = en;
			hasScannedForEncodings = 0;
			knownRegions = (
				en,
				Base,
			);
			mainGroup = D16B430D21F581F300A4A702;
			productRefGroup = D16B431721F581F400A4A702 /* Products */;
			projectDirPath = "";
			projectRoot = "";
			targets = (
				D16B431521F581F400A4A702 /* Tinder */,
				D16B432921F581F500A4A702 /* TinderTests */,
				D16B433421F581F500A4A702 /* TinderUITests */,
			);
		};
/* End PBXProject section */

/* Begin PBXResourcesBuildPhase section */
		D16B431421F581F400A4A702 /* Resources */ = {
			isa = PBXResourcesBuildPhase;
			buildActionMask = 2147483647;
			files = (
				D16B432421F581F500A4A702 /* LaunchScreen.storyboard in Resources */,
				D16B432121F581F500A4A702 /* Assets.xcassets in Resources */,
			);
			runOnlyForDeploymentPostprocessing = 0;
		};
		D16B432821F581F500A4A702 /* Resources */ = {
			isa = PBXResourcesBuildPhase;
			buildActionMask = 2147483647;
			files = (
			);
			runOnlyForDeploymentPostprocessing = 0;
		};
		D16B433321F581F500A4A702 /* Resources */ = {
			isa = PBXResourcesBuildPhase;
			buildActionMask = 2147483647;
			files = (
			);
			runOnlyForDeploymentPostprocessing = 0;
		};
/* End PBXResourcesBuildPhase section */

/* Begin PBXSourcesBuildPhase section */
		D16B431221F581F400A4A702 /* Sources */ = {
			isa = PBXSourcesBuildPhase;
			buildActionMask = 2147483647;
			files = (
				D16B431A21F581F400A4A702 /* AppDelegate.swift in Sources */,
				D16B434821F584BB00A4A702 /* HomeViewController.swift in Sources */,
				D16B435421F59EA400A4A702 /* HomeButtonStackView.swift in Sources */,
				D16B434A21F58FB200A4A702 /* UIView_Extension.swift in Sources */,
				D16B435A21F6CA4A00A4A702 /* CardView.swift in Sources */,
				D16B435121F59E6700A4A702 /* TopNavigationStackView.swift in Sources */,
				D16B436021F81BA500A4A702 /* User.swift in Sources */,
			);
			runOnlyForDeploymentPostprocessing = 0;
		};
		D16B432621F581F500A4A702 /* Sources */ = {
			isa = PBXSourcesBuildPhase;
			buildActionMask = 2147483647;
			files = (
				D16B432F21F581F500A4A702 /* TinderTests.swift in Sources */,
			);
			runOnlyForDeploymentPostprocessing = 0;
		};
		D16B433121F581F500A4A702 /* Sources */ = {
			isa = PBXSourcesBuildPhase;
			buildActionMask = 2147483647;
			files = (
				D16B433A21F581F500A4A702 /* TinderUITests.swift in Sources */,
			);
			runOnlyForDeploymentPostprocessing = 0;
		};
/* End PBXSourcesBuildPhase section */

/* Begin PBXTargetDependency section */
		D16B432C21F581F500A4A702 /* PBXTargetDependency */ = {
			isa = PBXTargetDependency;
			target = D16B431521F581F400A4A702 /* Tinder */;
			targetProxy = D16B432B21F581F500A4A702 /* PBXContainerItemProxy */;
		};
		D16B433721F581F500A4A702 /* PBXTargetDependency */ = {
			isa = PBXTargetDependency;
			target = D16B431521F581F400A4A702 /* Tinder */;
			targetProxy = D16B433621F581F500A4A702 /* PBXContainerItemProxy */;
		};
/* End PBXTargetDependency section */

/* Begin PBXVariantGroup section */
		D16B432221F581F500A4A702 /* LaunchScreen.storyboard */ = {
			isa = PBXVariantGroup;
			children = (
				D16B432321F581F500A4A702 /* Base */,
			);
			name = LaunchScreen.storyboard;
			sourceTree = "<group>";
		};
/* End PBXVariantGroup section */

/* Begin XCBuildConfiguration section */
		D16B433C21F581F500A4A702 /* Debug */ = {
			isa = XCBuildConfiguration;
			buildSettings = {
				ALWAYS_SEARCH_USER_PATHS = NO;
				CLANG_ANALYZER_NONNULL = YES;
				CLANG_ANALYZER_NUMBER_OBJECT_CONVERSION = YES_AGGRESSIVE;
				CLANG_CXX_LANGUAGE_STANDARD = "gnu++14";
				CLANG_CXX_LIBRARY = "libc++";
				CLANG_ENABLE_MODULES = YES;
				CLANG_ENABLE_OBJC_ARC = YES;
				CLANG_ENABLE_OBJC_WEAK = YES;
				CLANG_WARN_BLOCK_CAPTURE_AUTORELEASING = YES;
				CLANG_WARN_BOOL_CONVERSION = YES;
				CLANG_WARN_COMMA = YES;
				CLANG_WARN_CONSTANT_CONVERSION = YES;
				CLANG_WARN_DEPRECATED_OBJC_IMPLEMENTATIONS = YES;
				CLANG_WARN_DIRECT_OBJC_ISA_USAGE = YES_ERROR;
				CLANG_WARN_DOCUMENTATION_COMMENTS = YES;
				CLANG_WARN_EMPTY_BODY = YES;
				CLANG_WARN_ENUM_CONVERSION = YES;
				CLANG_WARN_INFINITE_RECURSION = YES;
				CLANG_WARN_INT_CONVERSION = YES;
				CLANG_WARN_NON_LITERAL_NULL_CONVERSION = YES;
				CLANG_WARN_OBJC_IMPLICIT_RETAIN_SELF = YES;
				CLANG_WARN_OBJC_LITERAL_CONVERSION = YES;
				CLANG_WARN_OBJC_ROOT_CLASS = YES_ERROR;
				CLANG_WARN_RANGE_LOOP_ANALYSIS = YES;
				CLANG_WARN_STRICT_PROTOTYPES = YES;
				CLANG_WARN_SUSPICIOUS_MOVE = YES;
				CLANG_WARN_UNGUARDED_AVAILABILITY = YES_AGGRESSIVE;
				CLANG_WARN_UNREACHABLE_CODE = YES;
				CLANG_WARN__DUPLICATE_METHOD_MATCH = YES;
				CODE_SIGN_IDENTITY = "iPhone Developer";
				COPY_PHASE_STRIP = NO;
				DEBUG_INFORMATION_FORMAT = dwarf;
				ENABLE_STRICT_OBJC_MSGSEND = YES;
				ENABLE_TESTABILITY = YES;
				GCC_C_LANGUAGE_STANDARD = gnu11;
				GCC_DYNAMIC_NO_PIC = NO;
				GCC_NO_COMMON_BLOCKS = YES;
				GCC_OPTIMIZATION_LEVEL = 0;
				GCC_PREPROCESSOR_DEFINITIONS = (
					"DEBUG=1",
					"$(inherited)",
				);
				GCC_WARN_64_TO_32_BIT_CONVERSION = YES;
				GCC_WARN_ABOUT_RETURN_TYPE = YES_ERROR;
				GCC_WARN_UNDECLARED_SELECTOR = YES;
				GCC_WARN_UNINITIALIZED_AUTOS = YES_AGGRESSIVE;
				GCC_WARN_UNUSED_FUNCTION = YES;
				GCC_WARN_UNUSED_VARIABLE = YES;
				IPHONEOS_DEPLOYMENT_TARGET = 12.1;
				MTL_ENABLE_DEBUG_INFO = INCLUDE_SOURCE;
				MTL_FAST_MATH = YES;
				ONLY_ACTIVE_ARCH = YES;
				SDKROOT = iphoneos;
				SWIFT_ACTIVE_COMPILATION_CONDITIONS = DEBUG;
				SWIFT_OPTIMIZATION_LEVEL = "-Onone";
			};
			name = Debug;
		};
		D16B433D21F581F500A4A702 /* Release */ = {
			isa = XCBuildConfiguration;
			buildSettings = {
				ALWAYS_SEARCH_USER_PATHS = NO;
				CLANG_ANALYZER_NONNULL = YES;
				CLANG_ANALYZER_NUMBER_OBJECT_CONVERSION = YES_AGGRESSIVE;
				CLANG_CXX_LANGUAGE_STANDARD = "gnu++14";
				CLANG_CXX_LIBRARY = "libc++";
				CLANG_ENABLE_MODULES = YES;
				CLANG_ENABLE_OBJC_ARC = YES;
				CLANG_ENABLE_OBJC_WEAK = YES;
				CLANG_WARN_BLOCK_CAPTURE_AUTORELEASING = YES;
				CLANG_WARN_BOOL_CONVERSION = YES;
				CLANG_WARN_COMMA = YES;
				CLANG_WARN_CONSTANT_CONVERSION = YES;
				CLANG_WARN_DEPRECATED_OBJC_IMPLEMENTATIONS = YES;
				CLANG_WARN_DIRECT_OBJC_ISA_USAGE = YES_ERROR;
				CLANG_WARN_DOCUMENTATION_COMMENTS = YES;
				CLANG_WARN_EMPTY_BODY = YES;
				CLANG_WARN_ENUM_CONVERSION = YES;
				CLANG_WARN_INFINITE_RECURSION = YES;
				CLANG_WARN_INT_CONVERSION = YES;
				CLANG_WARN_NON_LITERAL_NULL_CONVERSION = YES;
				CLANG_WARN_OBJC_IMPLICIT_RETAIN_SELF = YES;
				CLANG_WARN_OBJC_LITERAL_CONVERSION = YES;
				CLANG_WARN_OBJC_ROOT_CLASS = YES_ERROR;
				CLANG_WARN_RANGE_LOOP_ANALYSIS = YES;
				CLANG_WARN_STRICT_PROTOTYPES = YES;
				CLANG_WARN_SUSPICIOUS_MOVE = YES;
				CLANG_WARN_UNGUARDED_AVAILABILITY = YES_AGGRESSIVE;
				CLANG_WARN_UNREACHABLE_CODE = YES;
				CLANG_WARN__DUPLICATE_METHOD_MATCH = YES;
				CODE_SIGN_IDENTITY = "iPhone Developer";
				COPY_PHASE_STRIP = NO;
				DEBUG_INFORMATION_FORMAT = "dwarf-with-dsym";
				ENABLE_NS_ASSERTIONS = NO;
				ENABLE_STRICT_OBJC_MSGSEND = YES;
				GCC_C_LANGUAGE_STANDARD = gnu11;
				GCC_NO_COMMON_BLOCKS = YES;
				GCC_WARN_64_TO_32_BIT_CONVERSION = YES;
				GCC_WARN_ABOUT_RETURN_TYPE = YES_ERROR;
				GCC_WARN_UNDECLARED_SELECTOR = YES;
				GCC_WARN_UNINITIALIZED_AUTOS = YES_AGGRESSIVE;
				GCC_WARN_UNUSED_FUNCTION = YES;
				GCC_WARN_UNUSED_VARIABLE = YES;
				IPHONEOS_DEPLOYMENT_TARGET = 12.1;
				MTL_ENABLE_DEBUG_INFO = NO;
				MTL_FAST_MATH = YES;
				SDKROOT = iphoneos;
				SWIFT_COMPILATION_MODE = wholemodule;
				SWIFT_OPTIMIZATION_LEVEL = "-O";
				VALIDATE_PRODUCT = YES;
			};
			name = Release;
		};
		D16B433F21F581F500A4A702 /* Debug */ = {
			isa = XCBuildConfiguration;
			buildSettings = {
				ASSETCATALOG_COMPILER_APPICON_NAME = AppIcon;
				CODE_SIGN_STYLE = Automatic;
				DEVELOPMENT_TEAM = WAGW44Z6JC;
				INFOPLIST_FILE = Tinder/Info.plist;
				LD_RUNPATH_SEARCH_PATHS = (
					"$(inherited)",
					"@executable_path/Frameworks",
				);
				PRODUCT_BUNDLE_IDENTIFIER = com.Hsin.CoolApp.Tinder;
				PRODUCT_NAME = "$(TARGET_NAME)";
				SWIFT_VERSION = 4.2;
				TARGETED_DEVICE_FAMILY = "1,2";
			};
			name = Debug;
		};
		D16B434021F581F500A4A702 /* Release */ = {
			isa = XCBuildConfiguration;
			buildSettings = {
				ASSETCATALOG_COMPILER_APPICON_NAME = AppIcon;
				CODE_SIGN_STYLE = Automatic;
				DEVELOPMENT_TEAM = WAGW44Z6JC;
				INFOPLIST_FILE = Tinder/Info.plist;
				LD_RUNPATH_SEARCH_PATHS = (
					"$(inherited)",
					"@executable_path/Frameworks",
				);
				PRODUCT_BUNDLE_IDENTIFIER = com.Hsin.CoolApp.Tinder;
				PRODUCT_NAME = "$(TARGET_NAME)";
				SWIFT_VERSION = 4.2;
				TARGETED_DEVICE_FAMILY = "1,2";
			};
			name = Release;
		};
		D16B434221F581F500A4A702 /* Debug */ = {
			isa = XCBuildConfiguration;
			buildSettings = {
				ALWAYS_EMBED_SWIFT_STANDARD_LIBRARIES = YES;
				BUNDLE_LOADER = "$(TEST_HOST)";
				CODE_SIGN_STYLE = Automatic;
				DEVELOPMENT_TEAM = WAGW44Z6JC;
				INFOPLIST_FILE = TinderTests/Info.plist;
				LD_RUNPATH_SEARCH_PATHS = (
					"$(inherited)",
					"@executable_path/Frameworks",
					"@loader_path/Frameworks",
				);
				PRODUCT_BUNDLE_IDENTIFIER = com.Hsin.CoolApp.TinderTests;
				PRODUCT_NAME = "$(TARGET_NAME)";
				SWIFT_VERSION = 4.2;
				TARGETED_DEVICE_FAMILY = "1,2";
				TEST_HOST = "$(BUILT_PRODUCTS_DIR)/Tinder.app/Tinder";
			};
			name = Debug;
		};
		D16B434321F581F500A4A702 /* Release */ = {
			isa = XCBuildConfiguration;
			buildSettings = {
				ALWAYS_EMBED_SWIFT_STANDARD_LIBRARIES = YES;
				BUNDLE_LOADER = "$(TEST_HOST)";
				CODE_SIGN_STYLE = Automatic;
				DEVELOPMENT_TEAM = WAGW44Z6JC;
				INFOPLIST_FILE = TinderTests/Info.plist;
				LD_RUNPATH_SEARCH_PATHS = (
					"$(inherited)",
					"@executable_path/Frameworks",
					"@loader_path/Frameworks",
				);
				PRODUCT_BUNDLE_IDENTIFIER = com.Hsin.CoolApp.TinderTests;
				PRODUCT_NAME = "$(TARGET_NAME)";
				SWIFT_VERSION = 4.2;
				TARGETED_DEVICE_FAMILY = "1,2";
				TEST_HOST = "$(BUILT_PRODUCTS_DIR)/Tinder.app/Tinder";
			};
			name = Release;
		};
		D16B434521F581F500A4A702 /* Debug */ = {
			isa = XCBuildConfiguration;
			buildSettings = {
				ALWAYS_EMBED_SWIFT_STANDARD_LIBRARIES = YES;
				CODE_SIGN_STYLE = Automatic;
				DEVELOPMENT_TEAM = WAGW44Z6JC;
				INFOPLIST_FILE = TinderUITests/Info.plist;
				LD_RUNPATH_SEARCH_PATHS = (
					"$(inherited)",
					"@executable_path/Frameworks",
					"@loader_path/Frameworks",
				);
				PRODUCT_BUNDLE_IDENTIFIER = com.Hsin.CoolApp.TinderUITests;
				PRODUCT_NAME = "$(TARGET_NAME)";
				SWIFT_VERSION = 4.2;
				TARGETED_DEVICE_FAMILY = "1,2";
				TEST_TARGET_NAME = Tinder;
			};
			name = Debug;
		};
		D16B434621F581F500A4A702 /* Release */ = {
			isa = XCBuildConfiguration;
			buildSettings = {
				ALWAYS_EMBED_SWIFT_STANDARD_LIBRARIES = YES;
				CODE_SIGN_STYLE = Automatic;
				DEVELOPMENT_TEAM = WAGW44Z6JC;
				INFOPLIST_FILE = TinderUITests/Info.plist;
				LD_RUNPATH_SEARCH_PATHS = (
					"$(inherited)",
					"@executable_path/Frameworks",
					"@loader_path/Frameworks",
				);
				PRODUCT_BUNDLE_IDENTIFIER = com.Hsin.CoolApp.TinderUITests;
				PRODUCT_NAME = "$(TARGET_NAME)";
				SWIFT_VERSION = 4.2;
				TARGETED_DEVICE_FAMILY = "1,2";
				TEST_TARGET_NAME = Tinder;
			};
			name = Release;
		};
/* End XCBuildConfiguration section */

/* Begin XCConfigurationList section */
		D16B431121F581F300A4A702 /* Build configuration list for PBXProject "Tinder" */ = {
			isa = XCConfigurationList;
			buildConfigurations = (
				D16B433C21F581F500A4A702 /* Debug */,
				D16B433D21F581F500A4A702 /* Release */,
			);
			defaultConfigurationIsVisible = 0;
			defaultConfigurationName = Release;
		};
		D16B433E21F581F500A4A702 /* Build configuration list for PBXNativeTarget "Tinder" */ = {
			isa = XCConfigurationList;
			buildConfigurations = (
				D16B433F21F581F500A4A702 /* Debug */,
				D16B434021F581F500A4A702 /* Release */,
			);
			defaultConfigurationIsVisible = 0;
			defaultConfigurationName = Release;
		};
		D16B434121F581F500A4A702 /* Build configuration list for PBXNativeTarget "TinderTests" */ = {
			isa = XCConfigurationList;
			buildConfigurations = (
				D16B434221F581F500A4A702 /* Debug */,
				D16B434321F581F500A4A702 /* Release */,
			);
			defaultConfigurationIsVisible = 0;
			defaultConfigurationName = Release;
		};
		D16B434421F581F500A4A702 /* Build configuration list for PBXNativeTarget "TinderUITests" */ = {
			isa = XCConfigurationList;
			buildConfigurations = (
				D16B434521F581F500A4A702 /* Debug */,
				D16B434621F581F500A4A702 /* Release */,
			);
			defaultConfigurationIsVisible = 0;
			defaultConfigurationName = Release;
		};
/* End XCConfigurationList section */
	};
	rootObject = D16B430E21F581F300A4A702 /* Project object */;
}
